
Microsoft Visual Studio Solution File, Format Version 12.00
# Visual Studio Version 16
VisualStudioVersion = 16.0.31624.102
MinimumVisualStudioVersion = 10.0.40219.1
Project("{FAE04EC0-301F-11D3-BF4B-00C04F79EFBC}") = "Laba 3", "Laba 3.csproj", "{780AECC6-FFB6-4BB5-9FDF-A4A5AD4DE629}"
EndProject
Project("{FAE04EC0-301F-11D3-BF4B-00C04F79EFBC}") = "MyLib", "..\MyLib\MyLib.csproj", "{3CC4B6D3-F8EF-44A6-8A2F-7EF61D215B00}"
EndProject
Global
	GlobalSection(SolutionConfigurationPlatforms) = preSolution
		Debug|Any CPU = Debug|Any CPU
		Release|Any CPU = Release|Any CPU
	EndGlobalSection
	GlobalSection(ProjectConfigurationPlatforms) = postSolution
		{780AECC6-FFB6-4BB5-9FDF-A4A5AD4DE629}.Debug|Any CPU.ActiveCfg = Debug|Any CPU
		{780AECC6-FFB6-4BB5-9FDF-A4A5AD4DE629}.Debug|Any CPU.Build.0 = Debug|Any CPU
		{780AECC6-FFB6-4BB5-9FDF-A4A5AD4DE629}.Release|Any CPU.ActiveCfg = Release|Any CPU
		{780AECC6-FFB6-4BB5-9FDF-A4A5AD4DE629}.Release|Any CPU.Build.0 = Release|Any CPU
		{3CC4B6D3-F8EF-44A6-8A2F-7EF61D215B00}.Debug|Any CPU.ActiveCfg = Debug|Any CPU
		{3CC4B6D3-F8EF-44A6-8A2F-7EF61D215B00}.Debug|Any CPU.Build.0 = Debug|Any CPU
		{3CC4B6D3-F8EF-44A6-8A2F-7EF61D215B00}.Release|Any CPU.ActiveCfg = Release|Any CPU
		{3CC4B6D3-F8EF-44A6-8A2F-7EF61D215B00}.Release|Any CPU.Build.0 = Release|Any CPU
	EndGlobalSection
	GlobalSection(SolutionProperties) = preSolution
		HideSolutionNode = FALSE
	EndGlobalSection
	GlobalSection(ExtensibilityGlobals) = postSolution
		SolutionGuid = {6C02D658-34D9-48F9-898B-E99AAD0E1067}
	EndGlobalSection
EndGlobal
