
Microsoft Visual Studio Solution File, Format Version 12.00
# Visual Studio Version 16
VisualStudioVersion = 16.0.810.10
MinimumVisualStudioVersion = 10.0.40219.1
Project("{FAE04EC0-301F-11D3-BF4B-00C04F79EFBC}") = "main", "main\main.csproj", "{99FA4AA0-8B01-491E-B7BD-7A38437CACF9}"
EndProject
Project("{2150E333-8FDC-42A3-9474-1A3956D46DE8}") = "Элементы решения", "Элементы решения", "{38A83B3F-9B00-402C-8913-24B713E98317}"
	ProjectSection(SolutionItems) = preProject
		.editorconfig = .editorconfig
	EndProjectSection
EndProject
Global
	GlobalSection(SolutionConfigurationPlatforms) = preSolution
		Debug|Any CPU = Debug|Any CPU
		Release|Any CPU = Release|Any CPU
	EndGlobalSection
	GlobalSection(ProjectConfigurationPlatforms) = postSolution
		{99FA4AA0-8B01-491E-B7BD-7A38437CACF9}.Debug|Any CPU.ActiveCfg = Debug|Any CPU
		{99FA4AA0-8B01-491E-B7BD-7A38437CACF9}.Debug|Any CPU.Build.0 = Debug|Any CPU
		{99FA4AA0-8B01-491E-B7BD-7A38437CACF9}.Release|Any CPU.ActiveCfg = Release|Any CPU
		{99FA4AA0-8B01-491E-B7BD-7A38437CACF9}.Release|Any CPU.Build.0 = Release|Any CPU
	EndGlobalSection
	GlobalSection(SolutionProperties) = preSolution
		HideSolutionNode = FALSE
	EndGlobalSection
	GlobalSection(ExtensibilityGlobals) = postSolution
		SolutionGuid = {298D4BA9-173D-4959-8AB2-F92C9E67EDE2}
	EndGlobalSection
EndGlobal
