
Microsoft Visual Studio Solution File, Format Version 12.00
# Visual Studio Version 16
VisualStudioVersion = 16.0.810.10
MinimumVisualStudioVersion = 10.0.40219.1
Project("{FAE04EC0-301F-11D3-BF4B-00C04F79EFBC}") = "TwoDimensionalArray", "TwoDimensionalArray\TwoDimensionalArray.csproj", "{9FAC3422-8C7B-4612-8A3B-7365713C9310}"
EndProject
Global
	GlobalSection(SolutionConfigurationPlatforms) = preSolution
		Debug|Any CPU = Debug|Any CPU
		Release|Any CPU = Release|Any CPU
	EndGlobalSection
	GlobalSection(ProjectConfigurationPlatforms) = postSolution
		{9FAC3422-8C7B-4612-8A3B-7365713C9310}.Debug|Any CPU.ActiveCfg = Debug|Any CPU
		{9FAC3422-8C7B-4612-8A3B-7365713C9310}.Debug|Any CPU.Build.0 = Debug|Any CPU
		{9FAC3422-8C7B-4612-8A3B-7365713C9310}.Release|Any CPU.ActiveCfg = Release|Any CPU
		{9FAC3422-8C7B-4612-8A3B-7365713C9310}.Release|Any CPU.Build.0 = Release|Any CPU
	EndGlobalSection
	GlobalSection(SolutionProperties) = preSolution
		HideSolutionNode = FALSE
	EndGlobalSection
	GlobalSection(ExtensibilityGlobals) = postSolution
		SolutionGuid = {989D5519-43B3-413B-9DCC-4485E06C9A04}
	EndGlobalSection
EndGlobal
