
Microsoft Visual Studio Solution File, Format Version 12.00
# Visual Studio Version 16
VisualStudioVersion = 16.0.810.9
MinimumVisualStudioVersion = 10.0.40219.1
Project("{FAE04EC0-301F-11D3-BF4B-00C04F79EFBC}") = "методы", "методы\методы.csproj", "{907F95D4-549C-49F7-9C90-86797FD5CE4A}"
EndProject
Global
	GlobalSection(SolutionConfigurationPlatforms) = preSolution
		Debug|Any CPU = Debug|Any CPU
		Release|Any CPU = Release|Any CPU
	EndGlobalSection
	GlobalSection(ProjectConfigurationPlatforms) = postSolution
		{907F95D4-549C-49F7-9C90-86797FD5CE4A}.Debug|Any CPU.ActiveCfg = Debug|Any CPU
		{907F95D4-549C-49F7-9C90-86797FD5CE4A}.Debug|Any CPU.Build.0 = Debug|Any CPU
		{907F95D4-549C-49F7-9C90-86797FD5CE4A}.Release|Any CPU.ActiveCfg = Release|Any CPU
		{907F95D4-549C-49F7-9C90-86797FD5CE4A}.Release|Any CPU.Build.0 = Release|Any CPU
	EndGlobalSection
	GlobalSection(SolutionProperties) = preSolution
		HideSolutionNode = FALSE
	EndGlobalSection
	GlobalSection(ExtensibilityGlobals) = postSolution
		SolutionGuid = {AC5D2BE2-F95A-44BA-BEBC-6CEE4B0E94EB}
	EndGlobalSection
EndGlobal
