
Microsoft Visual Studio Solution File, Format Version 12.00
# Visual Studio Version 16
VisualStudioVersion = 16.0.810.25
MinimumVisualStudioVersion = 10.0.40219.1
Project("{FAE04EC0-301F-11D3-BF4B-00C04F79EFBC}") = "Задание_1", "List\Задание_1.csproj", "{A990EC4F-52B7-40C9-A0B3-1460C8D2006E}"
EndProject
Project("{FAE04EC0-301F-11D3-BF4B-00C04F79EFBC}") = "Задние_2", "Задние_2\Задние_2.csproj", "{F49D40FD-CFD8-4FC1-8CC2-5E35F84AD07B}"
EndProject
Project("{FAE04EC0-301F-11D3-BF4B-00C04F79EFBC}") = "Задание_3", "Задание_3\Задание_3.csproj", "{38AD6E30-EE0B-4299-A7D4-6C906582D891}"
EndProject
Project("{FAE04EC0-301F-11D3-BF4B-00C04F79EFBC}") = "Задание_4", "Задание_4\Задание_4.csproj", "{DAF6A701-B8DC-4F5B-BAFF-179E367EB32F}"
EndProject
Global
	GlobalSection(SolutionConfigurationPlatforms) = preSolution
		Debug|Any CPU = Debug|Any CPU
		Release|Any CPU = Release|Any CPU
	EndGlobalSection
	GlobalSection(ProjectConfigurationPlatforms) = postSolution
		{A990EC4F-52B7-40C9-A0B3-1460C8D2006E}.Debug|Any CPU.ActiveCfg = Debug|Any CPU
		{A990EC4F-52B7-40C9-A0B3-1460C8D2006E}.Debug|Any CPU.Build.0 = Debug|Any CPU
		{A990EC4F-52B7-40C9-A0B3-1460C8D2006E}.Release|Any CPU.ActiveCfg = Release|Any CPU
		{A990EC4F-52B7-40C9-A0B3-1460C8D2006E}.Release|Any CPU.Build.0 = Release|Any CPU
		{F49D40FD-CFD8-4FC1-8CC2-5E35F84AD07B}.Debug|Any CPU.ActiveCfg = Debug|Any CPU
		{F49D40FD-CFD8-4FC1-8CC2-5E35F84AD07B}.Debug|Any CPU.Build.0 = Debug|Any CPU
		{F49D40FD-CFD8-4FC1-8CC2-5E35F84AD07B}.Release|Any CPU.ActiveCfg = Release|Any CPU
		{F49D40FD-CFD8-4FC1-8CC2-5E35F84AD07B}.Release|Any CPU.Build.0 = Release|Any CPU
		{38AD6E30-EE0B-4299-A7D4-6C906582D891}.Debug|Any CPU.ActiveCfg = Debug|Any CPU
		{38AD6E30-EE0B-4299-A7D4-6C906582D891}.Debug|Any CPU.Build.0 = Debug|Any CPU
		{38AD6E30-EE0B-4299-A7D4-6C906582D891}.Release|Any CPU.ActiveCfg = Release|Any CPU
		{38AD6E30-EE0B-4299-A7D4-6C906582D891}.Release|Any CPU.Build.0 = Release|Any CPU
		{DAF6A701-B8DC-4F5B-BAFF-179E367EB32F}.Debug|Any CPU.ActiveCfg = Debug|Any CPU
		{DAF6A701-B8DC-4F5B-BAFF-179E367EB32F}.Debug|Any CPU.Build.0 = Debug|Any CPU
		{DAF6A701-B8DC-4F5B-BAFF-179E367EB32F}.Release|Any CPU.ActiveCfg = Release|Any CPU
		{DAF6A701-B8DC-4F5B-BAFF-179E367EB32F}.Release|Any CPU.Build.0 = Release|Any CPU
	EndGlobalSection
	GlobalSection(SolutionProperties) = preSolution
		HideSolutionNode = FALSE
	EndGlobalSection
	GlobalSection(ExtensibilityGlobals) = postSolution
		SolutionGuid = {98250626-EE06-4EC4-B649-C6F920252BAD}
	EndGlobalSection
EndGlobal
