
Microsoft Visual Studio Solution File, Format Version 12.00
# Visual Studio Version 16
VisualStudioVersion = 16.0.810.11
MinimumVisualStudioVersion = 10.0.40219.1
Project("{FAE04EC0-301F-11D3-BF4B-00C04F79EFBC}") = "jump", "jump.csproj", "{183DF904-AB0F-400A-A5C4-86984713EE9F}"
EndProject
Global
	GlobalSection(SolutionConfigurationPlatforms) = preSolution
		Debug|Any CPU = Debug|Any CPU
		Release|Any CPU = Release|Any CPU
	EndGlobalSection
	GlobalSection(ProjectConfigurationPlatforms) = postSolution
		{183DF904-AB0F-400A-A5C4-86984713EE9F}.Debug|Any CPU.ActiveCfg = Debug|Any CPU
		{183DF904-AB0F-400A-A5C4-86984713EE9F}.Debug|Any CPU.Build.0 = Debug|Any CPU
		{183DF904-AB0F-400A-A5C4-86984713EE9F}.Release|Any CPU.ActiveCfg = Release|Any CPU
		{183DF904-AB0F-400A-A5C4-86984713EE9F}.Release|Any CPU.Build.0 = Release|Any CPU
	EndGlobalSection
	GlobalSection(SolutionProperties) = preSolution
		HideSolutionNode = FALSE
	EndGlobalSection
	GlobalSection(ExtensibilityGlobals) = postSolution
		SolutionGuid = {D4471EF8-07A4-442F-BEC1-C5C6B22F3A0F}
	EndGlobalSection
EndGlobal
