
Microsoft Visual Studio Solution File, Format Version 12.00
# Visual Studio Version 16
VisualStudioVersion = 16.0.810.9
MinimumVisualStudioVersion = 10.0.40219.1
Project("{FAE04EC0-301F-11D3-BF4B-00C04F79EFBC}") = "эксперементы", "эксперементы\эксперементы.csproj", "{D4158601-0953-44BB-BF6C-C19D24336361}"
EndProject
Global
	GlobalSection(SolutionConfigurationPlatforms) = preSolution
		Debug|Any CPU = Debug|Any CPU
		Release|Any CPU = Release|Any CPU
	EndGlobalSection
	GlobalSection(ProjectConfigurationPlatforms) = postSolution
		{D4158601-0953-44BB-BF6C-C19D24336361}.Debug|Any CPU.ActiveCfg = Debug|Any CPU
		{D4158601-0953-44BB-BF6C-C19D24336361}.Debug|Any CPU.Build.0 = Debug|Any CPU
		{D4158601-0953-44BB-BF6C-C19D24336361}.Release|Any CPU.ActiveCfg = Release|Any CPU
		{D4158601-0953-44BB-BF6C-C19D24336361}.Release|Any CPU.Build.0 = Release|Any CPU
	EndGlobalSection
	GlobalSection(SolutionProperties) = preSolution
		HideSolutionNode = FALSE
	EndGlobalSection
	GlobalSection(ExtensibilityGlobals) = postSolution
		SolutionGuid = {D694B73D-B167-479A-910C-E03B52923EC8}
	EndGlobalSection
EndGlobal
